// !$*UTF8*$!
{
	archiveVersion = 1;
	classes = {
	};
	objectVersion = 56;
	objects = {

/* Begin PBXBuildFile section */
		5A09B7AA29B47C670042E3F1 /* ImageGridView.swift in Sources */ = {isa = PBXBuildFile; fileRef = 5A09B7A929B47C670042E3F1 /* ImageGridView.swift */; };
		5A09B7AC29B47F330042E3F1 /* SyncImagesViewController.swift in Sources */ = {isa = PBXBuildFile; fileRef = 5A09B7AB29B47F330042E3F1 /* SyncImagesViewController.swift */; };
		5A54612A29A2594700F16456 /* AppDelegate.swift in Sources */ = {isa = PBXBuildFile; fileRef = 5A54612929A2594700F16456 /* AppDelegate.swift */; };
		5A54612C29A2594700F16456 /* SceneDelegate.swift in Sources */ = {isa = PBXBuildFile; fileRef = 5A54612B29A2594700F16456 /* SceneDelegate.swift */; };
		5A54613329A2594800F16456 /* Assets.xcassets in Resources */ = {isa = PBXBuildFile; fileRef = 5A54613229A2594800F16456 /* Assets.xcassets */; };
		5A54613629A2594800F16456 /* LaunchScreen.storyboard in Resources */ = {isa = PBXBuildFile; fileRef = 5A54613429A2594800F16456 /* LaunchScreen.storyboard */; };
		5A54614329A25A8900F16456 /* AsyncImagesViewController.swift in Sources */ = {isa = PBXBuildFile; fileRef = 5A54614229A25A8900F16456 /* AsyncImagesViewController.swift */; };
		5A54614929A25BCD00F16456 /* AceLayout in Frameworks */ = {isa = PBXBuildFile; productRef = 5A54614829A25BCD00F16456 /* AceLayout */; };
		5A54614B29A25CDF00F16456 /* ImageCell.swift in Sources */ = {isa = PBXBuildFile; fileRef = 5A54614A29A25CDF00F16456 /* ImageCell.swift */; };
		5A88B3882AF50B9600B65BCD /* MediaViewer in Frameworks */ = {isa = PBXBuildFile; productRef = 5A88B3872AF50B9600B65BCD /* MediaViewer */; };
		5AC3B5552AF60DAE00A028FC /* ImageFactory.swift in Sources */ = {isa = PBXBuildFile; fileRef = 5AC3B5542AF60DAE00A028FC /* ImageFactory.swift */; };
		5AE4F46E29D31E7A0048E8B4 /* TabBarController.swift in Sources */ = {isa = PBXBuildFile; fileRef = 5AE4F46D29D31E7A0048E8B4 /* TabBarController.swift */; };
/* End PBXBuildFile section */

/* Begin PBXFileReference section */
		5A09B7A929B47C670042E3F1 /* ImageGridView.swift */ = {isa = PBXFileReference; lastKnownFileType = sourcecode.swift; path = ImageGridView.swift; sourceTree = "<group>"; };
		5A09B7AB29B47F330042E3F1 /* SyncImagesViewController.swift */ = {isa = PBXFileReference; lastKnownFileType = sourcecode.swift; path = SyncImagesViewController.swift; sourceTree = "<group>"; };
		5A54612629A2594700F16456 /* MediaViewerDemo.app */ = {isa = PBXFileReference; explicitFileType = wrapper.application; includeInIndex = 0; path = MediaViewerDemo.app; sourceTree = BUILT_PRODUCTS_DIR; };
		5A54612929A2594700F16456 /* AppDelegate.swift */ = {isa = PBXFileReference; lastKnownFileType = sourcecode.swift; path = AppDelegate.swift; sourceTree = "<group>"; };
		5A54612B29A2594700F16456 /* SceneDelegate.swift */ = {isa = PBXFileReference; lastKnownFileType = sourcecode.swift; path = SceneDelegate.swift; sourceTree = "<group>"; };
		5A54613229A2594800F16456 /* Assets.xcassets */ = {isa = PBXFileReference; lastKnownFileType = folder.assetcatalog; path = Assets.xcassets; sourceTree = "<group>"; };
		5A54613529A2594800F16456 /* Base */ = {isa = PBXFileReference; lastKnownFileType = file.storyboard; name = Base; path = Base.lproj/LaunchScreen.storyboard; sourceTree = "<group>"; };
		5A54613729A2594800F16456 /* Info.plist */ = {isa = PBXFileReference; lastKnownFileType = text.plist.xml; path = Info.plist; sourceTree = "<group>"; };
		5A54613E29A25A2C00F16456 /* MediaViewer */ = {isa = PBXFileReference; lastKnownFileType = wrapper; name = MediaViewer; path = ..; sourceTree = "<group>"; };
		5A54614229A25A8900F16456 /* AsyncImagesViewController.swift */ = {isa = PBXFileReference; lastKnownFileType = sourcecode.swift; path = AsyncImagesViewController.swift; sourceTree = "<group>"; };
		5A54614A29A25CDF00F16456 /* ImageCell.swift */ = {isa = PBXFileReference; lastKnownFileType = sourcecode.swift; path = ImageCell.swift; sourceTree = "<group>"; };
		5AC3B5542AF60DAE00A028FC /* ImageFactory.swift */ = {isa = PBXFileReference; lastKnownFileType = sourcecode.swift; path = ImageFactory.swift; sourceTree = "<group>"; };
		5AE4F46D29D31E7A0048E8B4 /* TabBarController.swift */ = {isa = PBXFileReference; lastKnownFileType = sourcecode.swift; path = TabBarController.swift; sourceTree = "<group>"; };
/* End PBXFileReference section */

/* Begin PBXFrameworksBuildPhase section */
		5A54612329A2594700F16456 /* Frameworks */ = {
			isa = PBXFrameworksBuildPhase;
			buildActionMask = 2147483647;
			files = (
				5A54614929A25BCD00F16456 /* AceLayout in Frameworks */,
				5A88B3882AF50B9600B65BCD /* MediaViewer in Frameworks */,
			);
			runOnlyForDeploymentPostprocessing = 0;
		};
/* End PBXFrameworksBuildPhase section */

/* Begin PBXGroup section */
		5A13B05E2AF6171E0095729F /* Samples */ = {
			isa = PBXGroup;
			children = (
				5A09B7AB29B47F330042E3F1 /* SyncImagesViewController.swift */,
				5A54614229A25A8900F16456 /* AsyncImagesViewController.swift */,
				5A09B7A929B47C670042E3F1 /* ImageGridView.swift */,
				5A54614A29A25CDF00F16456 /* ImageCell.swift */,
			);
			path = Samples;
			sourceTree = "<group>";
		};
		5A54611D29A2594700F16456 = {
			isa = PBXGroup;
			children = (
				5A54613D29A25A2C00F16456 /* Packages */,
				5A54612829A2594700F16456 /* MediaViewerDemo */,
				5A54612729A2594700F16456 /* Products */,
				5A54613F29A25A5600F16456 /* Frameworks */,
			);
			sourceTree = "<group>";
		};
		5A54612729A2594700F16456 /* Products */ = {
			isa = PBXGroup;
			children = (
				5A54612629A2594700F16456 /* MediaViewerDemo.app */,
			);
			name = Products;
			sourceTree = "<group>";
		};
		5A54612829A2594700F16456 /* MediaViewerDemo */ = {
			isa = PBXGroup;
			children = (
				5A54612929A2594700F16456 /* AppDelegate.swift */,
				5A54612B29A2594700F16456 /* SceneDelegate.swift */,
				5AE4F46D29D31E7A0048E8B4 /* TabBarController.swift */,
				5A13B05E2AF6171E0095729F /* Samples */,
				5AC3B5522AF60D8400A028FC /* Helper */,
				5A54613229A2594800F16456 /* Assets.xcassets */,
				5A54613429A2594800F16456 /* LaunchScreen.storyboard */,
				5A54613729A2594800F16456 /* Info.plist */,
			);
			path = MediaViewerDemo;
			sourceTree = "<group>";
		};
		5A54613D29A25A2C00F16456 /* Packages */ = {
			isa = PBXGroup;
			children = (
				5A54613E29A25A2C00F16456 /* MediaViewer */,
			);
			name = Packages;
			sourceTree = "<group>";
		};
		5A54613F29A25A5600F16456 /* Frameworks */ = {
			isa = PBXGroup;
			children = (
			);
			name = Frameworks;
			sourceTree = "<group>";
		};
		5AC3B5522AF60D8400A028FC /* Helper */ = {
			isa = PBXGroup;
			children = (
				5AC3B5542AF60DAE00A028FC /* ImageFactory.swift */,
			);
			path = Helper;
			sourceTree = "<group>";
		};
/* End PBXGroup section */

/* Begin PBXNativeTarget section */
		5A54612529A2594700F16456 /* MediaViewerDemo */ = {
			isa = PBXNativeTarget;
			buildConfigurationList = 5A54613A29A2594800F16456 /* Build configuration list for PBXNativeTarget "MediaViewerDemo" */;
			buildPhases = (
				5A54612229A2594700F16456 /* Sources */,
				5A54612329A2594700F16456 /* Frameworks */,
				5A54612429A2594700F16456 /* Resources */,
			);
			buildRules = (
			);
			dependencies = (
			);
			name = MediaViewerDemo;
			packageProductDependencies = (
				5A54614829A25BCD00F16456 /* AceLayout */,
				5A88B3872AF50B9600B65BCD /* MediaViewer */,
			);
			productName = MediaViewerDemo;
			productReference = 5A54612629A2594700F16456 /* MediaViewerDemo.app */;
			productType = "com.apple.product-type.application";
		};
/* End PBXNativeTarget section */

/* Begin PBXProject section */
		5A54611E29A2594700F16456 /* Project object */ = {
			isa = PBXProject;
			attributes = {
				BuildIndependentTargetsInParallel = 1;
				LastSwiftUpdateCheck = 1420;
				LastUpgradeCheck = 1500;
				TargetAttributes = {
					5A54612529A2594700F16456 = {
						CreatedOnToolsVersion = 14.2;
					};
				};
			};
			buildConfigurationList = 5A54612129A2594700F16456 /* Build configuration list for PBXProject "MediaViewerDemo" */;
			compatibilityVersion = "Xcode 14.0";
			developmentRegion = en;
			hasScannedForEncodings = 0;
			knownRegions = (
				en,
				Base,
			);
			mainGroup = 5A54611D29A2594700F16456;
			packageReferences = (
				5A54614729A25BCD00F16456 /* XCRemoteSwiftPackageReference "AceLayout" */,
			);
			productRefGroup = 5A54612729A2594700F16456 /* Products */;
			projectDirPath = "";
			projectRoot = "";
			targets = (
				5A54612529A2594700F16456 /* MediaViewerDemo */,
			);
		};
/* End PBXProject section */

/* Begin PBXResourcesBuildPhase section */
		5A54612429A2594700F16456 /* Resources */ = {
			isa = PBXResourcesBuildPhase;
			buildActionMask = 2147483647;
			files = (
				5A54613629A2594800F16456 /* LaunchScreen.storyboard in Resources */,
				5A54613329A2594800F16456 /* Assets.xcassets in Resources */,
			);
			runOnlyForDeploymentPostprocessing = 0;
		};
/* End PBXResourcesBuildPhase section */

/* Begin PBXSourcesBuildPhase section */
		5A54612229A2594700F16456 /* Sources */ = {
			isa = PBXSourcesBuildPhase;
			buildActionMask = 2147483647;
			files = (
				5AC3B5552AF60DAE00A028FC /* ImageFactory.swift in Sources */,
				5A09B7AA29B47C670042E3F1 /* ImageGridView.swift in Sources */,
				5A09B7AC29B47F330042E3F1 /* SyncImagesViewController.swift in Sources */,
				5A54614B29A25CDF00F16456 /* ImageCell.swift in Sources */,
				5A54614329A25A8900F16456 /* AsyncImagesViewController.swift in Sources */,
				5AE4F46E29D31E7A0048E8B4 /* TabBarController.swift in Sources */,
				5A54612A29A2594700F16456 /* AppDelegate.swift in Sources */,
				5A54612C29A2594700F16456 /* SceneDelegate.swift in Sources */,
			);
			runOnlyForDeploymentPostprocessing = 0;
		};
/* End PBXSourcesBuildPhase section */

/* Begin PBXVariantGroup section */
		5A54613429A2594800F16456 /* LaunchScreen.storyboard */ = {
			isa = PBXVariantGroup;
			children = (
				5A54613529A2594800F16456 /* Base */,
			);
			name = LaunchScreen.storyboard;
			sourceTree = "<group>";
		};
/* End PBXVariantGroup section */

/* Begin XCBuildConfiguration section */
		5A54613829A2594800F16456 /* Debug */ = {
			isa = XCBuildConfiguration;
			buildSettings = {
				ALWAYS_SEARCH_USER_PATHS = NO;
				ASSETCATALOG_COMPILER_GENERATE_SWIFT_ASSET_SYMBOL_EXTENSIONS = YES;
				CLANG_ANALYZER_NONNULL = YES;
				CLANG_ANALYZER_NUMBER_OBJECT_CONVERSION = YES_AGGRESSIVE;
				CLANG_CXX_LANGUAGE_STANDARD = "gnu++20";
				CLANG_ENABLE_MODULES = YES;
				CLANG_ENABLE_OBJC_ARC = YES;
				CLANG_ENABLE_OBJC_WEAK = YES;
				CLANG_WARN_BLOCK_CAPTURE_AUTORELEASING = YES;
				CLANG_WARN_BOOL_CONVERSION = YES;
				CLANG_WARN_COMMA = YES;
				CLANG_WARN_CONSTANT_CONVERSION = YES;
				CLANG_WARN_DEPRECATED_OBJC_IMPLEMENTATIONS = YES;
				CLANG_WARN_DIRECT_OBJC_ISA_USAGE = YES_ERROR;
				CLANG_WARN_DOCUMENTATION_COMMENTS = YES;
				CLANG_WARN_EMPTY_BODY = YES;
				CLANG_WARN_ENUM_CONVERSION = YES;
				CLANG_WARN_INFINITE_RECURSION = YES;
				CLANG_WARN_INT_CONVERSION = YES;
				CLANG_WARN_NON_LITERAL_NULL_CONVERSION = YES;
				CLANG_WARN_OBJC_IMPLICIT_RETAIN_SELF = YES;
				CLANG_WARN_OBJC_LITERAL_CONVERSION = YES;
				CLANG_WARN_OBJC_ROOT_CLASS = YES_ERROR;
				CLANG_WARN_QUOTED_INCLUDE_IN_FRAMEWORK_HEADER = YES;
				CLANG_WARN_RANGE_LOOP_ANALYSIS = YES;
				CLANG_WARN_STRICT_PROTOTYPES = YES;
				CLANG_WARN_SUSPICIOUS_MOVE = YES;
				CLANG_WARN_UNGUARDED_AVAILABILITY = YES_AGGRESSIVE;
				CLANG_WARN_UNREACHABLE_CODE = YES;
				CLANG_WARN__DUPLICATE_METHOD_MATCH = YES;
				COPY_PHASE_STRIP = NO;
				DEBUG_INFORMATION_FORMAT = dwarf;
				ENABLE_STRICT_OBJC_MSGSEND = YES;
				ENABLE_TESTABILITY = YES;
				ENABLE_USER_SCRIPT_SANDBOXING = YES;
				GCC_C_LANGUAGE_STANDARD = gnu11;
				GCC_DYNAMIC_NO_PIC = NO;
				GCC_NO_COMMON_BLOCKS = YES;
				GCC_OPTIMIZATION_LEVEL = 0;
				GCC_PREPROCESSOR_DEFINITIONS = (
					"DEBUG=1",
					"$(inherited)",
				);
				GCC_WARN_64_TO_32_BIT_CONVERSION = YES;
				GCC_WARN_ABOUT_RETURN_TYPE = YES_ERROR;
				GCC_WARN_UNDECLARED_SELECTOR = YES;
				GCC_WARN_UNINITIALIZED_AUTOS = YES_AGGRESSIVE;
				GCC_WARN_UNUSED_FUNCTION = YES;
				GCC_WARN_UNUSED_VARIABLE = YES;
				IPHONEOS_DEPLOYMENT_TARGET = 16.2;
				MTL_ENABLE_DEBUG_INFO = INCLUDE_SOURCE;
				MTL_FAST_MATH = YES;
				ONLY_ACTIVE_ARCH = YES;
				SDKROOT = iphoneos;
				SWIFT_ACTIVE_COMPILATION_CONDITIONS = DEBUG;
				SWIFT_OPTIMIZATION_LEVEL = "-Onone";
				SWIFT_STRICT_CONCURRENCY = complete;
			};
			name = Debug;
		};
		5A54613929A2594800F16456 /* Release */ = {
			isa = XCBuildConfiguration;
			buildSettings = {
				ALWAYS_SEARCH_USER_PATHS = NO;
				ASSETCATALOG_COMPILER_GENERATE_SWIFT_ASSET_SYMBOL_EXTENSIONS = YES;
				CLANG_ANALYZER_NONNULL = YES;
				CLANG_ANALYZER_NUMBER_OBJECT_CONVERSION = YES_AGGRESSIVE;
				CLANG_CXX_LANGUAGE_STANDARD = "gnu++20";
				CLANG_ENABLE_MODULES = YES;
				CLANG_ENABLE_OBJC_ARC = YES;
				CLANG_ENABLE_OBJC_WEAK = YES;
				CLANG_WARN_BLOCK_CAPTURE_AUTORELEASING = YES;
				CLANG_WARN_BOOL_CONVERSION = YES;
				CLANG_WARN_COMMA = YES;
				CLANG_WARN_CONSTANT_CONVERSION = YES;
				CLANG_WARN_DEPRECATED_OBJC_IMPLEMENTATIONS = YES;
				CLANG_WARN_DIRECT_OBJC_ISA_USAGE = YES_ERROR;
				CLANG_WARN_DOCUMENTATION_COMMENTS = YES;
				CLANG_WARN_EMPTY_BODY = YES;
				CLANG_WARN_ENUM_CONVERSION = YES;
				CLANG_WARN_INFINITE_RECURSION = YES;
				CLANG_WARN_INT_CONVERSION = YES;
				CLANG_WARN_NON_LITERAL_NULL_CONVERSION = YES;
				CLANG_WARN_OBJC_IMPLICIT_RETAIN_SELF = YES;
				CLANG_WARN_OBJC_LITERAL_CONVERSION = YES;
				CLANG_WARN_OBJC_ROOT_CLASS = YES_ERROR;
				CLANG_WARN_QUOTED_INCLUDE_IN_FRAMEWORK_HEADER = YES;
				CLANG_WARN_RANGE_LOOP_ANALYSIS = YES;
				CLANG_WARN_STRICT_PROTOTYPES = YES;
				CLANG_WARN_SUSPICIOUS_MOVE = YES;
				CLANG_WARN_UNGUARDED_AVAILABILITY = YES_AGGRESSIVE;
				CLANG_WARN_UNREACHABLE_CODE = YES;
				CLANG_WARN__DUPLICATE_METHOD_MATCH = YES;
				COPY_PHASE_STRIP = NO;
				DEBUG_INFORMATION_FORMAT = "dwarf-with-dsym";
				ENABLE_NS_ASSERTIONS = NO;
				ENABLE_STRICT_OBJC_MSGSEND = YES;
				ENABLE_USER_SCRIPT_SANDBOXING = YES;
				GCC_C_LANGUAGE_STANDARD = gnu11;
				GCC_NO_COMMON_BLOCKS = YES;
				GCC_WARN_64_TO_32_BIT_CONVERSION = YES;
				GCC_WARN_ABOUT_RETURN_TYPE = YES_ERROR;
				GCC_WARN_UNDECLARED_SELECTOR = YES;
				GCC_WARN_UNINITIALIZED_AUTOS = YES_AGGRESSIVE;
				GCC_WARN_UNUSED_FUNCTION = YES;
				GCC_WARN_UNUSED_VARIABLE = YES;
				IPHONEOS_DEPLOYMENT_TARGET = 16.2;
				MTL_ENABLE_DEBUG_INFO = NO;
				MTL_FAST_MATH = YES;
				SDKROOT = iphoneos;
				SWIFT_COMPILATION_MODE = wholemodule;
				SWIFT_OPTIMIZATION_LEVEL = "-O";
				SWIFT_STRICT_CONCURRENCY = complete;
				VALIDATE_PRODUCT = YES;
			};
			name = Release;
		};
		5A54613B29A2594800F16456 /* Debug */ = {
			isa = XCBuildConfiguration;
			buildSettings = {
				ASSETCATALOG_COMPILER_APPICON_NAME = AppIcon;
				ASSETCATALOG_COMPILER_GLOBAL_ACCENT_COLOR_NAME = AccentColor;
				CODE_SIGN_STYLE = Automatic;
				CURRENT_PROJECT_VERSION = 1;
				GENERATE_INFOPLIST_FILE = YES;
				INFOPLIST_FILE = MediaViewerDemo/Info.plist;
				INFOPLIST_KEY_UIApplicationSupportsIndirectInputEvents = YES;
				INFOPLIST_KEY_UILaunchStoryboardName = LaunchScreen;
				INFOPLIST_KEY_UISupportedInterfaceOrientations_iPad = "UIInterfaceOrientationPortrait UIInterfaceOrientationPortraitUpsideDown UIInterfaceOrientationLandscapeLeft UIInterfaceOrientationLandscapeRight";
				INFOPLIST_KEY_UISupportedInterfaceOrientations_iPhone = "UIInterfaceOrientationPortrait UIInterfaceOrientationLandscapeLeft UIInterfaceOrientationLandscapeRight";
				LD_RUNPATH_SEARCH_PATHS = (
					"$(inherited)",
					"@executable_path/Frameworks",
				);
				MARKETING_VERSION = 1.0;
				PRODUCT_BUNDLE_IDENTIFIER = jp.co.jrsaruo.MediaViewerDemo;
				PRODUCT_NAME = "$(TARGET_NAME)";
				SWIFT_EMIT_LOC_STRINGS = YES;
				SWIFT_VERSION = 5.0;
				TARGETED_DEVICE_FAMILY = "1,2";
			};
			name = Debug;
		};
		5A54613C29A2594800F16456 /* Release */ = {
			isa = XCBuildConfiguration;
			buildSettings = {
				ASSETCATALOG_COMPILER_APPICON_NAME = AppIcon;
				ASSETCATALOG_COMPILER_GLOBAL_ACCENT_COLOR_NAME = AccentColor;
				CODE_SIGN_STYLE = Automatic;
				CURRENT_PROJECT_VERSION = 1;
				GENERATE_INFOPLIST_FILE = YES;
				INFOPLIST_FILE = MediaViewerDemo/Info.plist;
				INFOPLIST_KEY_UIApplicationSupportsIndirectInputEvents = YES;
				INFOPLIST_KEY_UILaunchStoryboardName = LaunchScreen;
				INFOPLIST_KEY_UISupportedInterfaceOrientations_iPad = "UIInterfaceOrientationPortrait UIInterfaceOrientationPortraitUpsideDown UIInterfaceOrientationLandscapeLeft UIInterfaceOrientationLandscapeRight";
				INFOPLIST_KEY_UISupportedInterfaceOrientations_iPhone = "UIInterfaceOrientationPortrait UIInterfaceOrientationLandscapeLeft UIInterfaceOrientationLandscapeRight";
				LD_RUNPATH_SEARCH_PATHS = (
					"$(inherited)",
					"@executable_path/Frameworks",
				);
				MARKETING_VERSION = 1.0;
				PRODUCT_BUNDLE_IDENTIFIER = jp.co.jrsaruo.MediaViewerDemo;
				PRODUCT_NAME = "$(TARGET_NAME)";
				SWIFT_EMIT_LOC_STRINGS = YES;
				SWIFT_VERSION = 5.0;
				TARGETED_DEVICE_FAMILY = "1,2";
			};
			name = Release;
		};
/* End XCBuildConfiguration section */

/* Begin XCConfigurationList section */
		5A54612129A2594700F16456 /* Build configuration list for PBXProject "MediaViewerDemo" */ = {
			isa = XCConfigurationList;
			buildConfigurations = (
				5A54613829A2594800F16456 /* Debug */,
				5A54613929A2594800F16456 /* Release */,
			);
			defaultConfigurationIsVisible = 0;
			defaultConfigurationName = Release;
		};
		5A54613A29A2594800F16456 /* Build configuration list for PBXNativeTarget "MediaViewerDemo" */ = {
			isa = XCConfigurationList;
			buildConfigurations = (
				5A54613B29A2594800F16456 /* Debug */,
				5A54613C29A2594800F16456 /* Release */,
			);
			defaultConfigurationIsVisible = 0;
			defaultConfigurationName = Release;
		};
/* End XCConfigurationList section */

/* Begin XCRemoteSwiftPackageReference section */
		5A54614729A25BCD00F16456 /* XCRemoteSwiftPackageReference "AceLayout" */ = {
			isa = XCRemoteSwiftPackageReference;
			repositoryURL = "https://github.com/jrsaruo/AceLayout";
			requirement = {
				kind = upToNextMajorVersion;
				minimumVersion = 1.0.0;
			};
		};
/* End XCRemoteSwiftPackageReference section */

/* Begin XCSwiftPackageProductDependency section */
		5A54614829A25BCD00F16456 /* AceLayout */ = {
			isa = XCSwiftPackageProductDependency;
			package = 5A54614729A25BCD00F16456 /* XCRemoteSwiftPackageReference "AceLayout" */;
			productName = AceLayout;
		};
		5A88B3872AF50B9600B65BCD /* MediaViewer */ = {
			isa = XCSwiftPackageProductDependency;
			productName = MediaViewer;
		};
/* End XCSwiftPackageProductDependency section */
	};
	rootObject = 5A54611E29A2594700F16456 /* Project object */;
}
